
Microsoft Visual Studio Solution File, Format Version 12.00
Project("{2150E333-8FDC-42A3-9474-1A3956D46DE8}") = "Abstractions", "Abstractions", "{AF90167D-D5A5-4802-9CF9-0ACB75EA25D3}"
EndProject
Project("{2150E333-8FDC-42A3-9474-1A3956D46DE8}") = "Services", "Services", "{4CA2A00D-2121-4C9C-A784-BE60E16AB6E9}"
EndProject
Project("{2150E333-8FDC-42A3-9474-1A3956D46DE8}") = "Implementations", "Implementations", "{57646518-B0B1-43DA-9161-C536F9A36F24}"
EndProject
Project("{2150E333-8FDC-42A3-9474-1A3956D46DE8}") = "Tests", "Tests", "{A99052C1-DEC0-42E6-83D4-C69281046E51}"
EndProject
Project("{2150E333-8FDC-42A3-9474-1A3956D46DE8}") = "Contracts", "Contracts", "{CB70E5E0-E3E9-4F97-9283-90997FF5BF0C}"
EndProject
Project("{FAE04EC0-301F-11D3-BF4B-00C04F79EFBC}") = "KafkaOnContainers.Abstractions", "Abstractions\KafkaOnContainers.Abstractions\KafkaOnContainers.Abstractions.csproj", "{F46FAAF6-D4F7-45BC-8C08-850C9B6BEE75}"
EndProject
Project("{FAE04EC0-301F-11D3-BF4B-00C04F79EFBC}") = "KafkaOnContainers.KafkaProducer", "Implementations\KafkaOnContainers.KafkaProducer\KafkaOnContainers.KafkaProducer.csproj", "{321A57E4-F315-4228-B64C-AB10DB20663C}"
EndProject
Global
	GlobalSection(SolutionConfigurationPlatforms) = preSolution
		Debug|Any CPU = Debug|Any CPU
		Release|Any CPU = Release|Any CPU
	EndGlobalSection
	GlobalSection(NestedProjects) = preSolution
		{F46FAAF6-D4F7-45BC-8C08-850C9B6BEE75} = {AF90167D-D5A5-4802-9CF9-0ACB75EA25D3}
		{321A57E4-F315-4228-B64C-AB10DB20663C} = {57646518-B0B1-43DA-9161-C536F9A36F24}
	EndGlobalSection
	GlobalSection(ProjectConfigurationPlatforms) = postSolution
		{F46FAAF6-D4F7-45BC-8C08-850C9B6BEE75}.Debug|Any CPU.ActiveCfg = Debug|Any CPU
		{F46FAAF6-D4F7-45BC-8C08-850C9B6BEE75}.Debug|Any CPU.Build.0 = Debug|Any CPU
		{F46FAAF6-D4F7-45BC-8C08-850C9B6BEE75}.Release|Any CPU.ActiveCfg = Release|Any CPU
		{F46FAAF6-D4F7-45BC-8C08-850C9B6BEE75}.Release|Any CPU.Build.0 = Release|Any CPU
		{321A57E4-F315-4228-B64C-AB10DB20663C}.Debug|Any CPU.ActiveCfg = Debug|Any CPU
		{321A57E4-F315-4228-B64C-AB10DB20663C}.Debug|Any CPU.Build.0 = Debug|Any CPU
		{321A57E4-F315-4228-B64C-AB10DB20663C}.Release|Any CPU.ActiveCfg = Release|Any CPU
		{321A57E4-F315-4228-B64C-AB10DB20663C}.Release|Any CPU.Build.0 = Release|Any CPU
	EndGlobalSection
EndGlobal
